# THIS IS AN AUTOGENERATED FILE. DO NOT EDIT THIS FILE DIRECTLY.
# yarn lockfile v1


"@types/debug@^4.1.7":
  version "4.1.7"
  resolved "https://registry.nlark.com/@types/debug/download/@types/debug-4.1.7.tgz?cache=0&sync_timestamp=1629707134396&other_urls=https%3A%2F%2Fregistry.nlark.com%2F%40types%2Fdebug%2Fdownload%2F%40types%2Fdebug-4.1.7.tgz#7cc0ea761509124709b8b2d1090d8f6c17aadb82"
  integrity sha1-fMDqdhUJEkcJuLLRCQ2PbBeq24I=
  dependencies:
    "@types/ms" "*"

"@types/ms@*":
  version "0.7.31"
  resolved "https://registry.npmmirror.com/@types/ms/download/@types/ms-0.7.31.tgz#31b7ca6407128a3d2bbc27fe2d21b345397f6197"
  integrity sha1-MbfKZAcSij0rvCf+LSGzRTl/YZc=

"@types/node@*":
  version "16.11.12"
  resolved "https://registry.npmmirror.com/@types/node/download/@types/node-16.11.12.tgz#ac7fb693ac587ee182c3780c26eb65546a1a3c10"
  integrity sha512-+2Iggwg7PxoO5Kyhvsq9VarmPbIelXP070HMImEpbtGCoyWNINQj4wzjbQCXzdHTRXnqufutJb5KAURZANNBAw==

accepts@^1.3.5:
  version "1.3.7"
  resolved "https://registry.npm.taobao.org/accepts/download/accepts-1.3.7.tgz#531bc726517a3b2b41f850021c6cc15eaab507cd"
  integrity sha1-UxvHJlF6OytB+FACHGzBXqq1B80=
  dependencies:
    mime-types "~2.1.24"
    negotiator "0.6.2"

any-promise@^1.3.0:
  version "1.3.0"
  resolved "https://registry.npm.taobao.org/any-promise/download/any-promise-1.3.0.tgz#abc6afeedcea52e809cdc0376aed3ce39635d17f"
  integrity sha1-q8av7tzqUugJzcA3au0845Y10X8=

cache-content-type@^1.0.0:
  version "1.0.1"
  resolved "https://registry.npm.taobao.org/cache-content-type/download/cache-content-type-1.0.1.tgz#035cde2b08ee2129f4a8315ea8f00a00dba1453c"
  integrity sha1-A1zeKwjuISn0qDFeqPAKANuhRTw=
  dependencies:
    mime-types "^2.1.18"
    ylru "^1.2.0"

co@^4.6.0:
  version "4.6.0"
  resolved "https://registry.nlark.com/co/download/co-4.6.0.tgz#6ea6bdf3d853ae54ccb8e47bfa0bf3f9031fb184"
  integrity sha1-bqa989hTrlTMuOR7+gvz+QMfsYQ=

content-disposition@~0.5.2:
  version "0.5.4"
  resolved "https://registry.npmmirror.com/content-disposition/download/content-disposition-0.5.4.tgz#8b82b4efac82512a02bb0b1dcec9d2c5e8eb5bfe"
  integrity sha512-FveZTNuGw04cxlAiWbzi6zTAL/lhehaWbTtgluJh4/E95DqMwTmha3KZN1aAWA8cFIhHzMZUvLevkw5Rqk+tSQ==
  dependencies:
    safe-buffer "5.2.1"

content-type@^1.0.4:
  version "1.0.4"
  resolved "https://registry.nlark.com/content-type/download/content-type-1.0.4.tgz#e138cc75e040c727b1966fe5e5f8c9aee256fe3b"
  integrity sha1-4TjMdeBAxyexlm/l5fjJruJW/js=

cookies@~0.8.0:
  version "0.8.0"
  resolved "https://registry.npm.taobao.org/cookies/download/cookies-0.8.0.tgz#1293ce4b391740a8406e3c9870e828c4b54f3f90"
  integrity sha1-EpPOSzkXQKhAbjyYcOgoxLVPP5A=
  dependencies:
    depd "~2.0.0"
    keygrip "~1.1.0"

debug@^4.3.2, debug@^4.3.3:
  version "4.3.3"
  resolved "https://registry.npmmirror.com/debug/download/debug-4.3.3.tgz#04266e0b70a98d4462e6e288e38259213332b664"
  integrity sha512-/zxw5+vh1Tfv+4Qn7a5nsbcJKPaSvCDhojn6FEl9vupwK2VCSDtEiEtqr8DFtzYFOdz63LBkxec7DYuc2jon6Q==
  dependencies:
    ms "2.1.2"

deep-equal@~1.0.1:
  version "1.0.1"
  resolved "https://registry.npm.taobao.org/deep-equal/download/deep-equal-1.0.1.tgz?cache=0&sync_timestamp=1606860754950&other_urls=https%3A%2F%2Fregistry.npm.taobao.org%2Fdeep-equal%2Fdownload%2Fdeep-equal-1.0.1.tgz#f5d260292b660e084eff4cdbc9f08ad3247448b5"
  integrity sha1-9dJgKStmDghO/0zbyfCK0yR0SLU=

delegates@^1.0.0:
  version "1.0.0"
  resolved "https://registry.nlark.com/delegates/download/delegates-1.0.0.tgz#84c6e159b81904fdca59a0ef44cd870d31250f9a"
  integrity sha1-hMbhWbgZBP3KWaDvRM2HDTElD5o=

denque@^2.0.1:
  version "2.0.1"
  resolved "https://registry.nlark.com/denque/download/denque-2.0.1.tgz?cache=0&sync_timestamp=1630410038868&other_urls=https%3A%2F%2Fregistry.nlark.com%2Fdenque%2Fdownload%2Fdenque-2.0.1.tgz#bcef4c1b80dc32efe97515744f21a4229ab8934a"
  integrity sha1-vO9MG4DcMu/pdRV0TyGkIpq4k0o=

depd@^2.0.0, depd@~2.0.0:
  version "2.0.0"
  resolved "https://registry.nlark.com/depd/download/depd-2.0.0.tgz#b696163cc757560d09cf22cc8fad1571b79e76df"
  integrity sha1-tpYWPMdXVg0JzyLMj60Vcbeedt8=

depd@~1.1.2:
  version "1.1.2"
  resolved "https://registry.nlark.com/depd/download/depd-1.1.2.tgz#9bcd52e14c097763e749b274c4346ed2e560b5a9"
  integrity sha1-m81S4UwJd2PnSbJ0xDRu0uVgtak=

destroy@^1.0.4:
  version "1.0.4"
  resolved "https://registry.nlark.com/destroy/download/destroy-1.0.4.tgz#978857442c44749e4206613e37946205826abd80"
  integrity sha1-l4hXRCxEdJ5CBmE+N5RiBYJqvYA=

dottie@^2.0.2:
  version "2.0.2"
  resolved "https://registry.npm.taobao.org/dottie/download/dottie-2.0.2.tgz#cc91c0726ce3a054ebf11c55fbc92a7f266dd154"
  integrity sha1-zJHAcmzjoFTr8RxV+8kqfyZt0VQ=

ee-first@1.1.1:
  version "1.1.1"
  resolved "https://registry.npm.taobao.org/ee-first/download/ee-first-1.1.1.tgz#590c61156b0ae2f4f0255732a158b266bc56b21d"
  integrity sha1-WQxhFWsK4vTwJVcyoViyZrxWsh0=

encodeurl@^1.0.2:
  version "1.0.2"
  resolved "https://registry.nlark.com/encodeurl/download/encodeurl-1.0.2.tgz#ad3ff4c86ec2d029322f5a02c3a9a606c95b3f59"
  integrity sha1-rT/0yG7C0CkyL1oCw6mmBslbP1k=

escape-html@^1.0.3:
  version "1.0.3"
  resolved "https://registry.nlark.com/escape-html/download/escape-html-1.0.3.tgz#0258eae4d3d0c0974de1c169188ef0051d1d1988"
  integrity sha1-Aljq5NPQwJdN4cFpGI7wBR0dGYg=

fresh@~0.5.2:
  version "0.5.2"
  resolved "https://registry.npm.taobao.org/fresh/download/fresh-0.5.2.tgz#3d8cadd90d976569fa835ab1f8e4b23a105605a7"
  integrity sha1-PYyt2Q2XZWn6g1qx+OSyOhBWBac=

generate-function@^2.3.1:
  version "2.3.1"
  resolved "https://registry.npm.taobao.org/generate-function/download/generate-function-2.3.1.tgz#f069617690c10c868e73b8465746764f97c3479f"
  integrity sha1-8GlhdpDBDIaOc7hGV0Z2T5fDR58=
  dependencies:
    is-property "^1.0.2"

has-symbols@^1.0.2:
  version "1.0.2"
  resolved "https://registry.npm.taobao.org/has-symbols/download/has-symbols-1.0.2.tgz?cache=0&sync_timestamp=1614443557459&other_urls=https%3A%2F%2Fregistry.npm.taobao.org%2Fhas-symbols%2Fdownload%2Fhas-symbols-1.0.2.tgz#165d3070c00309752a1236a479331e3ac56f1423"
  integrity sha1-Fl0wcMADCXUqEjakeTMeOsVvFCM=

has-tostringtag@^1.0.0:
  version "1.0.0"
  resolved "https://registry.nlark.com/has-tostringtag/download/has-tostringtag-1.0.0.tgz#7e133818a7d394734f941e73c3d3f9291e658b25"
  integrity sha1-fhM4GKfTlHNPlB5zw9P5KR5liyU=
  dependencies:
    has-symbols "^1.0.2"

http-assert@^1.3.0:
  version "1.5.0"
  resolved "https://registry.nlark.com/http-assert/download/http-assert-1.5.0.tgz?cache=0&sync_timestamp=1629871581153&other_urls=https%3A%2F%2Fregistry.nlark.com%2Fhttp-assert%2Fdownload%2Fhttp-assert-1.5.0.tgz#c389ccd87ac16ed2dfa6246fd73b926aa00e6b8f"
  integrity sha1-w4nM2HrBbtLfpiRv1zuSaqAOa48=
  dependencies:
    deep-equal "~1.0.1"
    http-errors "~1.8.0"

http-errors@^1.6.3, http-errors@~1.8.0:
  version "1.8.1"
  resolved "https://registry.npmmirror.com/http-errors/download/http-errors-1.8.1.tgz?cache=0&sync_timestamp=1636932216570&other_urls=https%3A%2F%2Fregistry.npmmirror.com%2Fhttp-errors%2Fdownload%2Fhttp-errors-1.8.1.tgz#7c3f28577cbc8a207388455dbd62295ed07bd68c"
  integrity sha512-Kpk9Sm7NmI+RHhnj6OIWDI1d6fIoFAtFt9RLaTMRlg/8w49juAStsrBgp0Dp4OdxdVbRIeKhtCUvoi/RuAhO4g==
  dependencies:
    depd "~1.1.2"
    inherits "2.0.4"
    setprototypeof "1.2.0"
    statuses ">= 1.5.0 < 2"
    toidentifier "1.0.1"

iconv-lite@^0.6.3:
  version "0.6.3"
  resolved "https://registry.nlark.com/iconv-lite/download/iconv-lite-0.6.3.tgz#a52f80bf38da1952eb5c681790719871a1a72501"
  integrity sha1-pS+AvzjaGVLrXGgXkHGYcaGnJQE=
  dependencies:
    safer-buffer ">= 2.1.2 < 3.0.0"

inflection@^1.13.1:
  version "1.13.1"
  resolved "https://registry.nlark.com/inflection/download/inflection-1.13.1.tgz#c5cadd80888a90cf84c2e96e340d7edc85d5f0cb"
  integrity sha1-xcrdgIiKkM+EwuluNA1+3IXV8Ms=

inherits@2.0.4:
  version "2.0.4"
  resolved "https://registry.npm.taobao.org/inherits/download/inherits-2.0.4.tgz#0fa2c64f932917c3433a0ded55363aae37416b7c"
  integrity sha1-D6LGT5MpF8NDOg3tVTY6rjdBa3w=

is-generator-function@^1.0.7:
  version "1.0.10"
  resolved "https://registry.nlark.com/is-generator-function/download/is-generator-function-1.0.10.tgz#f1558baf1ac17e0deea7c0415c438351ff2b3c72"
  integrity sha1-8VWLrxrBfg3up8BBXEODUf8rPHI=
  dependencies:
    has-tostringtag "^1.0.0"

is-property@^1.0.2:
  version "1.0.2"
  resolved "https://registry.npm.taobao.org/is-property/download/is-property-1.0.2.tgz#57fe1c4e48474edd65b09911f26b1cd4095dda84"
  integrity sha1-V/4cTkhHTt1lsJkR8msc1Ald2oQ=

keygrip@~1.1.0:
  version "1.1.0"
  resolved "https://registry.npm.taobao.org/keygrip/download/keygrip-1.1.0.tgz#871b1681d5e159c62a445b0c74b615e0917e7226"
  integrity sha1-hxsWgdXhWcYqRFsMdLYV4JF+ciY=
  dependencies:
    tsscmp "1.0.6"

koa-compose@^4.1.0:
  version "4.1.0"
  resolved "https://registry.npmmirror.com/koa-compose/download/koa-compose-4.1.0.tgz#507306b9371901db41121c812e923d0d67d3e877"
  integrity sha1-UHMGuTcZAdtBEhyBLpI9DWfT6Hc=

koa-convert@^2.0.0:
  version "2.0.0"
  resolved "https://registry.npm.taobao.org/koa-convert/download/koa-convert-2.0.0.tgz#86a0c44d81d40551bae22fee6709904573eea4f5"
  integrity sha1-hqDETYHUBVG64i/uZwmQRXPupPU=
  dependencies:
    co "^4.6.0"
    koa-compose "^4.1.0"

koa@^2.13.4:
  version "2.13.4"
  resolved "https://registry.npmmirror.com/koa/download/koa-2.13.4.tgz#ee5b0cb39e0b8069c38d115139c774833d32462e"
  integrity sha1-7lsMs54LgGnDjRFROcd0gz0yRi4=
  dependencies:
    accepts "^1.3.5"
    cache-content-type "^1.0.0"
    content-disposition "~0.5.2"
    content-type "^1.0.4"
    cookies "~0.8.0"
    debug "^4.3.2"
    delegates "^1.0.0"
    depd "^2.0.0"
    destroy "^1.0.4"
    encodeurl "^1.0.2"
    escape-html "^1.0.3"
    fresh "~0.5.2"
    http-assert "^1.3.0"
    http-errors "^1.6.3"
    is-generator-function "^1.0.7"
    koa-compose "^4.1.0"
    koa-convert "^2.0.0"
    on-finished "^2.3.0"
    only "~0.0.2"
    parseurl "^1.3.2"
    statuses "^1.5.0"
    type-is "^1.6.16"
    vary "^1.1.2"

lodash@^4.17.21:
  version "4.17.21"
  resolved "https://registry.nlark.com/lodash/download/lodash-4.17.21.tgz?cache=0&sync_timestamp=1618847150612&other_urls=https%3A%2F%2Fregistry.nlark.com%2Flodash%2Fdownload%2Flodash-4.17.21.tgz#679591c564c3bffaae8454cf0b3df370c3d6911c"
  integrity sha1-Z5WRxWTDv/quhFTPCz3zcMPWkRw=

long@^4.0.0:
  version "4.0.0"
  resolved "https://registry.npmmirror.com/long/download/long-4.0.0.tgz#9a7b71cfb7d361a194ea555241c92f7468d5bf28"
  integrity sha1-mntxz7fTYaGU6lVSQckvdGjVvyg=

lru-cache@^4.1.3:
  version "4.1.5"
  resolved "https://registry.npm.taobao.org/lru-cache/download/lru-cache-4.1.5.tgz#8bbe50ea85bed59bc9e33dcab8235ee9bcf443cd"
  integrity sha1-i75Q6oW+1ZvJ4z3KuCNe6bz0Q80=
  dependencies:
    pseudomap "^1.0.2"
    yallist "^2.1.2"

lru-cache@^6.0.0:
  version "6.0.0"
  resolved "https://registry.npm.taobao.org/lru-cache/download/lru-cache-6.0.0.tgz#6d6fe6570ebd96aaf90fcad1dafa3b2566db3a94"
  integrity sha1-bW/mVw69lqr5D8rR2vo7JWbbOpQ=
  dependencies:
    yallist "^4.0.0"

media-typer@0.3.0:
  version "0.3.0"
  resolved "https://registry.nlark.com/media-typer/download/media-typer-0.3.0.tgz#8710d7af0aa626f8fffa1ce00168545263255748"
  integrity sha1-hxDXrwqmJvj/+hzgAWhUUmMlV0g=

mime-db@1.51.0:
  version "1.51.0"
  resolved "https://registry.npmmirror.com/mime-db/download/mime-db-1.51.0.tgz?cache=0&sync_timestamp=1636425932298&other_urls=https%3A%2F%2Fregistry.npmmirror.com%2Fmime-db%2Fdownload%2Fmime-db-1.51.0.tgz#d9ff62451859b18342d960850dc3cfb77e63fb0c"
  integrity sha512-5y8A56jg7XVQx2mbv1lu49NR4dokRnhZYTtL+KGfaa27uq4pSTXkwQkFJl4pkRMyNFz/EtYDSkiiEHx3F7UN6g==

mime-types@^2.1.18, mime-types@~2.1.24:
  version "2.1.34"
  resolved "https://registry.npmmirror.com/mime-types/download/mime-types-2.1.34.tgz?cache=0&sync_timestamp=1636432275511&other_urls=https%3A%2F%2Fregistry.npmmirror.com%2Fmime-types%2Fdownload%2Fmime-types-2.1.34.tgz#5a712f9ec1503511a945803640fafe09d3793c24"
  integrity sha512-6cP692WwGIs9XXdOO4++N+7qjqv0rqxxVvJ3VHPh/Sc9mVZcQP+ZGhkKiTvWMQRr2tbHkJP/Yn7Y0npb3ZBs4A==
  dependencies:
    mime-db "1.51.0"

moment-timezone@^0.5.34:
  version "0.5.34"
  resolved "https://registry.npmmirror.com/moment-timezone/download/moment-timezone-0.5.34.tgz?cache=0&sync_timestamp=1636519556590&other_urls=https%3A%2F%2Fregistry.npmmirror.com%2Fmoment-timezone%2Fdownload%2Fmoment-timezone-0.5.34.tgz#a75938f7476b88f155d3504a9343f7519d9a405c"
  integrity sha512-3zAEHh2hKUs3EXLESx/wsgw6IQdusOT8Bxm3D9UrHPQR7zlMmzwybC8zHEM1tQ4LJwP7fcxrWr8tuBg05fFCbg==
  dependencies:
    moment ">= 2.9.0"

"moment@>= 2.9.0", moment@^2.29.1:
  version "2.29.1"
  resolved "https://registry.nlark.com/moment/download/moment-2.29.1.tgz#b2be769fa31940be9eeea6469c075e35006fa3d3"
  integrity sha1-sr52n6MZQL6e7qZGnAdeNQBvo9M=

ms@2.1.2:
  version "2.1.2"
  resolved "https://registry.npmmirror.com/ms/download/ms-2.1.2.tgz#d09d1f357b443f493382a8eb3ccd183872ae6009"
  integrity sha1-0J0fNXtEP0kzgqjrPM0YOHKuYAk=

mysql2@^2.3.3:
  version "2.3.3"
  resolved "https://registry.npmmirror.com/mysql2/download/mysql2-2.3.3.tgz?cache=0&sync_timestamp=1636863538047&other_urls=https%3A%2F%2Fregistry.npmmirror.com%2Fmysql2%2Fdownload%2Fmysql2-2.3.3.tgz#944f3deca4b16629052ff8614fbf89d5552545a0"
  integrity sha512-wxJUev6LgMSgACDkb/InIFxDprRa6T95+VEoR+xPvtngtccNH2dGjEB/fVZ8yg1gWv1510c9CvXuJHi5zUm0ZA==
  dependencies:
    denque "^2.0.1"
    generate-function "^2.3.1"
    iconv-lite "^0.6.3"
    long "^4.0.0"
    lru-cache "^6.0.0"
    named-placeholders "^1.1.2"
    seq-queue "^0.0.5"
    sqlstring "^2.3.2"

named-placeholders@^1.1.2:
  version "1.1.2"
  resolved "https://registry.npm.taobao.org/named-placeholders/download/named-placeholders-1.1.2.tgz#ceb1fbff50b6b33492b5cf214ccf5e39cef3d0e8"
  integrity sha1-zrH7/1C2szSStc8hTM9eOc7z0Og=
  dependencies:
    lru-cache "^4.1.3"

negotiator@0.6.2:
  version "0.6.2"
  resolved "https://registry.npm.taobao.org/negotiator/download/negotiator-0.6.2.tgz#feacf7ccf525a77ae9634436a64883ffeca346fb"
  integrity sha1-/qz3zPUlp3rpY0Q2pkiD/+yjRvs=

on-finished@^2.3.0:
  version "2.3.0"
  resolved "https://registry.npm.taobao.org/on-finished/download/on-finished-2.3.0.tgz#20f1336481b083cd75337992a16971aa2d906947"
  integrity sha1-IPEzZIGwg811M3mSoWlxqi2QaUc=
  dependencies:
    ee-first "1.1.1"

only@~0.0.2:
  version "0.0.2"
  resolved "https://registry.npm.taobao.org/only/download/only-0.0.2.tgz#2afde84d03e50b9a8edc444e30610a70295edfb4"
  integrity sha1-Kv3oTQPlC5qO3EROMGEKcCle37Q=

parseurl@^1.3.2:
  version "1.3.3"
  resolved "https://registry.npm.taobao.org/parseurl/download/parseurl-1.3.3.tgz#9da19e7bee8d12dff0513ed5b76957793bc2e8d4"
  integrity sha1-naGee+6NEt/wUT7Vt2lXeTvC6NQ=

pg-connection-string@^2.5.0:
  version "2.5.0"
  resolved "https://registry.npm.taobao.org/pg-connection-string/download/pg-connection-string-2.5.0.tgz#538cadd0f7e603fc09a12590f3b8a452c2c0cf34"
  integrity sha1-U4yt0PfmA/wJoSWQ87ikUsLAzzQ=

pseudomap@^1.0.2:
  version "1.0.2"
  resolved "https://registry.nlark.com/pseudomap/download/pseudomap-1.0.2.tgz#f052a28da70e618917ef0a8ac34c1ae5a68286b3"
  integrity sha1-8FKijacOYYkX7wqKw0wa5aaChrM=

retry-as-promised@^4.0.0:
  version "4.0.0"
  resolved "https://registry.nlark.com/retry-as-promised/download/retry-as-promised-4.0.0.tgz?cache=0&sync_timestamp=1631009712378&other_urls=https%3A%2F%2Fregistry.nlark.com%2Fretry-as-promised%2Fdownload%2Fretry-as-promised-4.0.0.tgz#e19dc63474860f751e371ccccbfa16f6c1efeaa0"
  integrity sha1-4Z3GNHSGD3UeNxzMy/oW9sHv6qA=
  dependencies:
    any-promise "^1.3.0"

safe-buffer@5.2.1:
  version "5.2.1"
  resolved "https://registry.nlark.com/safe-buffer/download/safe-buffer-5.2.1.tgz#1eaf9fa9bdb1fdd4ec75f58f9cdb4e6b7827eec6"
  integrity sha1-Hq+fqb2x/dTsdfWPnNtOa3gn7sY=

"safer-buffer@>= 2.1.2 < 3.0.0":
  version "2.1.2"
  resolved "https://registry.nlark.com/safer-buffer/download/safer-buffer-2.1.2.tgz#44fa161b0187b9549dd84bb91802f9bd8385cd6a"
  integrity sha1-RPoWGwGHuVSd2Eu5GAL5vYOFzWo=

semver@^7.3.5:
  version "7.3.5"
  resolved "https://registry.nlark.com/semver/download/semver-7.3.5.tgz?cache=0&sync_timestamp=1618846864940&other_urls=https%3A%2F%2Fregistry.nlark.com%2Fsemver%2Fdownload%2Fsemver-7.3.5.tgz#0b621c879348d8998e4b0e4be94b3f12e6018ef7"
  integrity sha1-C2Ich5NI2JmOSw5L6Us/EuYBjvc=
  dependencies:
    lru-cache "^6.0.0"

seq-queue@^0.0.5:
  version "0.0.5"
  resolved "https://registry.npm.taobao.org/seq-queue/download/seq-queue-0.0.5.tgz#d56812e1c017a6e4e7c3e3a37a1da6d78dd3c93e"
  integrity sha1-1WgS4cAXpuTnw+Ojeh2m143TyT4=

sequelize-pool@^7.1.0:
  version "7.1.0"
  resolved "https://registry.npm.taobao.org/sequelize-pool/download/sequelize-pool-7.1.0.tgz?cache=0&sync_timestamp=1616644476034&other_urls=https%3A%2F%2Fregistry.npm.taobao.org%2Fsequelize-pool%2Fdownload%2Fsequelize-pool-7.1.0.tgz#210b391af4002762f823188fd6ecfc7413020768"
  integrity sha1-IQs5GvQAJ2L4IxiP1uz8dBMCB2g=

sequelize@^6.12.0-beta.3:
  version "6.12.0-beta.3"
  resolved "https://registry.npmmirror.com/sequelize/download/sequelize-6.12.0-beta.3.tgz#75da740792024ff7d418909596c23c1c255dd508"
  integrity sha512-umauMlf/7TcfDPGKHV7VWdfqagLKCj6XicgYBf/teQKnBrDmximbL02zP/yomOE4FtCUGlBy+JV8O6XgHWy+Fg==
  dependencies:
    "@types/debug" "^4.1.7"
    debug "^4.3.3"
    dottie "^2.0.2"
    inflection "^1.13.1"
    lodash "^4.17.21"
    moment "^2.29.1"
    moment-timezone "^0.5.34"
    pg-connection-string "^2.5.0"
    retry-as-promised "^4.0.0"
    semver "^7.3.5"
    sequelize-pool "^7.1.0"
    toposort-class "^1.0.1"
    uuid "^8.3.2"
    validator "^13.7.0"
    wkx "^0.5.0"

setprototypeof@1.2.0:
  version "1.2.0"
  resolved "https://registry.nlark.com/setprototypeof/download/setprototypeof-1.2.0.tgz#66c9a24a73f9fc28cbe66b09fed3d33dcaf1b424"
  integrity sha1-ZsmiSnP5/CjL5msJ/tPTPcrxtCQ=

sqlstring@^2.3.2:
  version "2.3.2"
  resolved "https://registry.npm.taobao.org/sqlstring/download/sqlstring-2.3.2.tgz#cdae7169389a1375b18e885f2e60b3e460809514"
  integrity sha1-za5xaTiaE3WxjohfLmCz5GCAlRQ=

"statuses@>= 1.5.0 < 2", statuses@^1.5.0:
  version "1.5.0"
  resolved "https://registry.npm.taobao.org/statuses/download/statuses-1.5.0.tgz?cache=0&sync_timestamp=1609654090567&other_urls=https%3A%2F%2Fregistry.npm.taobao.org%2Fstatuses%2Fdownload%2Fstatuses-1.5.0.tgz#161c7dac177659fd9811f43771fa99381478628c"
  integrity sha1-Fhx9rBd2Wf2YEfQ3cfqZOBR4Yow=

toidentifier@1.0.1:
  version "1.0.1"
  resolved "https://registry.npmmirror.com/toidentifier/download/toidentifier-1.0.1.tgz?cache=0&sync_timestamp=1636938467744&other_urls=https%3A%2F%2Fregistry.npmmirror.com%2Ftoidentifier%2Fdownload%2Ftoidentifier-1.0.1.tgz#3be34321a88a820ed1bd80dfaa33e479fbb8dd35"
  integrity sha512-o5sSPKEkg/DIQNmH43V0/uerLrpzVedkUh8tGNvaeXpfpuwjKenlSox/2O/BTlZUtEe+JG7s5YhEz608PlAHRA==

toposort-class@^1.0.1:
  version "1.0.1"
  resolved "https://registry.npmmirror.com/toposort-class/download/toposort-class-1.0.1.tgz#7ffd1f78c8be28c3ba45cd4e1a3f5ee193bd9988"
  integrity sha1-f/0feMi+KMO6Rc1OGj9e4ZO9mYg=

tsscmp@1.0.6:
  version "1.0.6"
  resolved "https://registry.npm.taobao.org/tsscmp/download/tsscmp-1.0.6.tgz#85b99583ac3589ec4bfef825b5000aa911d605eb"
  integrity sha1-hbmVg6w1iexL/vgltQAKqRHWBes=

type-is@^1.6.16:
  version "1.6.18"
  resolved "https://registry.nlark.com/type-is/download/type-is-1.6.18.tgz#4e552cd05df09467dcbc4ef739de89f2cf37c131"
  integrity sha1-TlUs0F3wlGfcvE73Od6J8s83wTE=
  dependencies:
    media-typer "0.3.0"
    mime-types "~2.1.24"

uuid@^8.3.2:
  version "8.3.2"
  resolved "https://registry.npmmirror.com/uuid/download/uuid-8.3.2.tgz#80d5b5ced271bb9af6c445f21a1a04c606cefbe2"
  integrity sha1-gNW1ztJxu5r2xEXyGhoExgbO++I=

validator@^13.7.0:
  version "13.7.0"
  resolved "https://registry.npmmirror.com/validator/download/validator-13.7.0.tgz#4f9658ba13ba8f3d82ee881d3516489ea85c0857"
  integrity sha1-T5ZYuhO6jz2C7ogdNRZInqhcCFc=

vary@^1.1.2:
  version "1.1.2"
  resolved "https://registry.nlark.com/vary/download/vary-1.1.2.tgz#2299f02c6ded30d4a5961b0b9f74524a18f634fc"
  integrity sha1-IpnwLG3tMNSllhsLn3RSShj2NPw=

wkx@^0.5.0:
  version "0.5.0"
  resolved "https://registry.npm.taobao.org/wkx/download/wkx-0.5.0.tgz#c6c37019acf40e517cc6b94657a25a3d4aa33e8c"
  integrity sha1-xsNwGaz0DlF8xrlGV6JaPUqjPow=
  dependencies:
    "@types/node" "*"

yallist@^2.1.2:
  version "2.1.2"
  resolved "https://registry.nlark.com/yallist/download/yallist-2.1.2.tgz#1c11f9218f076089a47dd512f93c6699a6a81d52"
  integrity sha1-HBH5IY8HYImkfdUS+TxmmaaoHVI=

yallist@^4.0.0:
  version "4.0.0"
  resolved "https://registry.nlark.com/yallist/download/yallist-4.0.0.tgz#9bb92790d9c0effec63be73519e11a35019a3a72"
  integrity sha1-m7knkNnA7/7GO+c1GeEaNQGaOnI=

ylru@^1.2.0:
  version "1.2.1"
  resolved "https://registry.npm.taobao.org/ylru/download/ylru-1.2.1.tgz#f576b63341547989c1de7ba288760923b27fe84f"
  integrity sha1-9Xa2M0FUeYnB3nuiiHYJI7J/6E8=
